
Microsoft Visual Studio Solution File, Format Version 12.00
# Visual Studio 2012
Project("{00D1A9C2-B5F0-4AF3-8072-F6C62B433612}") = "p5ex1_SqlClr", "p5ex1_SqlClr\p5ex1_SqlClr.sqlproj", "{A4522BAB-14EF-4C24-836B-B9025B122EFD}"
EndProject
Project("{2150E333-8FDC-42A3-9474-1A3956D46DE8}") = "Solution Items", "Solution Items", "{C84E8AD7-878E-4971-AD07-BE83AC43025B}"
	ProjectSection(SolutionItems) = preProject
		TestSettings1.testsettings = TestSettings1.testsettings
	EndProjectSection
EndProject
Global
	GlobalSection(SolutionConfigurationPlatforms) = preSolution
		Debug|Any CPU = Debug|Any CPU
		Release|Any CPU = Release|Any CPU
	EndGlobalSection
	GlobalSection(ProjectConfigurationPlatforms) = postSolution
		{A4522BAB-14EF-4C24-836B-B9025B122EFD}.Debug|Any CPU.ActiveCfg = Debug|Any CPU
		{A4522BAB-14EF-4C24-836B-B9025B122EFD}.Debug|Any CPU.Build.0 = Debug|Any CPU
		{A4522BAB-14EF-4C24-836B-B9025B122EFD}.Debug|Any CPU.Deploy.0 = Debug|Any CPU
		{A4522BAB-14EF-4C24-836B-B9025B122EFD}.Release|Any CPU.ActiveCfg = Release|Any CPU
		{A4522BAB-14EF-4C24-836B-B9025B122EFD}.Release|Any CPU.Build.0 = Release|Any CPU
		{A4522BAB-14EF-4C24-836B-B9025B122EFD}.Release|Any CPU.Deploy.0 = Release|Any CPU
	EndGlobalSection
	GlobalSection(SolutionProperties) = preSolution
		HideSolutionNode = FALSE
	EndGlobalSection
EndGlobal
