
Microsoft Visual Studio Solution File, Format Version 12.00
# Visual Studio 2012
Project("{FAE04EC0-301F-11D3-BF4B-00C04F79EFBC}") = "ASIVesteSede", "ASIVesteSede\ASIVesteSede.csproj", "{A33500C3-EE26-4D3A-9663-7923BB3072B7}"
EndProject
Project("{FAE04EC0-301F-11D3-BF4B-00C04F79EFBC}") = "QueueVendas", "..\QueueVendas\QueueVendas\QueueVendas.csproj", "{F9585BEF-766F-4253-8335-12B2E71F7CC5}"
EndProject
Project("{FAE04EC0-301F-11D3-BF4B-00C04F79EFBC}") = "VendasPublisher", "..\QueueVendas\VendasPublisher\VendasPublisher.csproj", "{3221CC25-BD29-4CC7-8F86-E3D28EC33D7F}"
EndProject
Project("{FAE04EC0-301F-11D3-BF4B-00C04F79EFBC}") = "VendasReceiver", "..\QueueVendas\VendasReceiver\VendasReceiver.csproj", "{0F7860E1-E38F-455F-AED0-131F44DCD56A}"
EndProject
Global
	GlobalSection(SolutionConfigurationPlatforms) = preSolution
		Debug|Any CPU = Debug|Any CPU
		Release|Any CPU = Release|Any CPU
	EndGlobalSection
	GlobalSection(ProjectConfigurationPlatforms) = postSolution
		{A33500C3-EE26-4D3A-9663-7923BB3072B7}.Debug|Any CPU.ActiveCfg = Debug|Any CPU
		{A33500C3-EE26-4D3A-9663-7923BB3072B7}.Debug|Any CPU.Build.0 = Debug|Any CPU
		{A33500C3-EE26-4D3A-9663-7923BB3072B7}.Release|Any CPU.ActiveCfg = Release|Any CPU
		{A33500C3-EE26-4D3A-9663-7923BB3072B7}.Release|Any CPU.Build.0 = Release|Any CPU
		{F9585BEF-766F-4253-8335-12B2E71F7CC5}.Debug|Any CPU.ActiveCfg = Debug|Any CPU
		{F9585BEF-766F-4253-8335-12B2E71F7CC5}.Debug|Any CPU.Build.0 = Debug|Any CPU
		{F9585BEF-766F-4253-8335-12B2E71F7CC5}.Release|Any CPU.ActiveCfg = Release|Any CPU
		{F9585BEF-766F-4253-8335-12B2E71F7CC5}.Release|Any CPU.Build.0 = Release|Any CPU
		{3221CC25-BD29-4CC7-8F86-E3D28EC33D7F}.Debug|Any CPU.ActiveCfg = Debug|Any CPU
		{3221CC25-BD29-4CC7-8F86-E3D28EC33D7F}.Debug|Any CPU.Build.0 = Debug|Any CPU
		{3221CC25-BD29-4CC7-8F86-E3D28EC33D7F}.Release|Any CPU.ActiveCfg = Release|Any CPU
		{3221CC25-BD29-4CC7-8F86-E3D28EC33D7F}.Release|Any CPU.Build.0 = Release|Any CPU
		{0F7860E1-E38F-455F-AED0-131F44DCD56A}.Debug|Any CPU.ActiveCfg = Debug|Any CPU
		{0F7860E1-E38F-455F-AED0-131F44DCD56A}.Debug|Any CPU.Build.0 = Debug|Any CPU
		{0F7860E1-E38F-455F-AED0-131F44DCD56A}.Release|Any CPU.ActiveCfg = Release|Any CPU
		{0F7860E1-E38F-455F-AED0-131F44DCD56A}.Release|Any CPU.Build.0 = Release|Any CPU
	EndGlobalSection
	GlobalSection(SolutionProperties) = preSolution
		HideSolutionNode = FALSE
	EndGlobalSection
EndGlobal
