
Microsoft Visual Studio Solution File, Format Version 12.00
# Visual Studio 2012
Project("{FAE04EC0-301F-11D3-BF4B-00C04F79EFBC}") = "Ex1", "Ex1\Ex1.csproj", "{69CD20BA-6550-4EE2-B990-82567069BD7B}"
EndProject
Project("{FAE04EC0-301F-11D3-BF4B-00C04F79EFBC}") = "Ex2", "Ex2\Ex2.csproj", "{1B4ED46F-4978-4470-B4D6-6AE210093CE6}"
EndProject
Project("{FAE04EC0-301F-11D3-BF4B-00C04F79EFBC}") = "Ex3", "Ex3\Ex3.csproj", "{16878EB3-61C9-4F87-A0C0-F269E04371F2}"
EndProject
Project("{FAE04EC0-301F-11D3-BF4B-00C04F79EFBC}") = "Ex3Cliente", "Ex3Cliente\Ex3Cliente.csproj", "{8DFF0D62-CF97-46D5-B769-707AAB609F31}"
EndProject
Project("{FAE04EC0-301F-11D3-BF4B-00C04F79EFBC}") = "Ex4", "Ex4\Ex4.csproj", "{7F7E5C23-2C42-4A65-8EAA-1D1E433CCCB0}"
EndProject
Project("{FAE04EC0-301F-11D3-BF4B-00C04F79EFBC}") = "Ex4Cliente", "Ex4Cliente\Ex4Cliente.csproj", "{FA4BA19F-FA89-4DBE-8922-D21F37FF89B2}"
EndProject
Project("{FAE04EC0-301F-11D3-BF4B-00C04F79EFBC}") = "Ex1Cliente.a", "Ex1Cliente.a\Ex1Cliente.a.csproj", "{768EFDB8-47FC-44E4-AB1C-52465034CF7B}"
EndProject
Project("{FAE04EC0-301F-11D3-BF4B-00C04F79EFBC}") = "Ex1Cliente.c", "Ex1Cliente.c\Ex1Cliente.c.csproj", "{F8CB3DC9-6764-45AC-8AA4-FF600D8B8AB4}"
EndProject
Project("{FAE04EC0-301F-11D3-BF4B-00C04F79EFBC}") = "Ex1.c", "Ex1.c\Ex1.c.csproj", "{4F9119AE-1A61-4271-B4F8-06011B2F6E01}"
EndProject
Global
	GlobalSection(SolutionConfigurationPlatforms) = preSolution
		Debug|Any CPU = Debug|Any CPU
		Release|Any CPU = Release|Any CPU
	EndGlobalSection
	GlobalSection(ProjectConfigurationPlatforms) = postSolution
		{69CD20BA-6550-4EE2-B990-82567069BD7B}.Debug|Any CPU.ActiveCfg = Debug|Any CPU
		{69CD20BA-6550-4EE2-B990-82567069BD7B}.Debug|Any CPU.Build.0 = Debug|Any CPU
		{69CD20BA-6550-4EE2-B990-82567069BD7B}.Release|Any CPU.ActiveCfg = Release|Any CPU
		{69CD20BA-6550-4EE2-B990-82567069BD7B}.Release|Any CPU.Build.0 = Release|Any CPU
		{1B4ED46F-4978-4470-B4D6-6AE210093CE6}.Debug|Any CPU.ActiveCfg = Debug|Any CPU
		{1B4ED46F-4978-4470-B4D6-6AE210093CE6}.Debug|Any CPU.Build.0 = Debug|Any CPU
		{1B4ED46F-4978-4470-B4D6-6AE210093CE6}.Release|Any CPU.ActiveCfg = Release|Any CPU
		{1B4ED46F-4978-4470-B4D6-6AE210093CE6}.Release|Any CPU.Build.0 = Release|Any CPU
		{16878EB3-61C9-4F87-A0C0-F269E04371F2}.Debug|Any CPU.ActiveCfg = Debug|Any CPU
		{16878EB3-61C9-4F87-A0C0-F269E04371F2}.Debug|Any CPU.Build.0 = Debug|Any CPU
		{16878EB3-61C9-4F87-A0C0-F269E04371F2}.Release|Any CPU.ActiveCfg = Release|Any CPU
		{16878EB3-61C9-4F87-A0C0-F269E04371F2}.Release|Any CPU.Build.0 = Release|Any CPU
		{8DFF0D62-CF97-46D5-B769-707AAB609F31}.Debug|Any CPU.ActiveCfg = Debug|Any CPU
		{8DFF0D62-CF97-46D5-B769-707AAB609F31}.Debug|Any CPU.Build.0 = Debug|Any CPU
		{8DFF0D62-CF97-46D5-B769-707AAB609F31}.Release|Any CPU.ActiveCfg = Release|Any CPU
		{8DFF0D62-CF97-46D5-B769-707AAB609F31}.Release|Any CPU.Build.0 = Release|Any CPU
		{7F7E5C23-2C42-4A65-8EAA-1D1E433CCCB0}.Debug|Any CPU.ActiveCfg = Debug|Any CPU
		{7F7E5C23-2C42-4A65-8EAA-1D1E433CCCB0}.Debug|Any CPU.Build.0 = Debug|Any CPU
		{7F7E5C23-2C42-4A65-8EAA-1D1E433CCCB0}.Release|Any CPU.ActiveCfg = Release|Any CPU
		{7F7E5C23-2C42-4A65-8EAA-1D1E433CCCB0}.Release|Any CPU.Build.0 = Release|Any CPU
		{FA4BA19F-FA89-4DBE-8922-D21F37FF89B2}.Debug|Any CPU.ActiveCfg = Debug|Any CPU
		{FA4BA19F-FA89-4DBE-8922-D21F37FF89B2}.Debug|Any CPU.Build.0 = Debug|Any CPU
		{FA4BA19F-FA89-4DBE-8922-D21F37FF89B2}.Release|Any CPU.ActiveCfg = Release|Any CPU
		{FA4BA19F-FA89-4DBE-8922-D21F37FF89B2}.Release|Any CPU.Build.0 = Release|Any CPU
		{768EFDB8-47FC-44E4-AB1C-52465034CF7B}.Debug|Any CPU.ActiveCfg = Debug|Any CPU
		{768EFDB8-47FC-44E4-AB1C-52465034CF7B}.Debug|Any CPU.Build.0 = Debug|Any CPU
		{768EFDB8-47FC-44E4-AB1C-52465034CF7B}.Release|Any CPU.ActiveCfg = Release|Any CPU
		{768EFDB8-47FC-44E4-AB1C-52465034CF7B}.Release|Any CPU.Build.0 = Release|Any CPU
		{F8CB3DC9-6764-45AC-8AA4-FF600D8B8AB4}.Debug|Any CPU.ActiveCfg = Debug|Any CPU
		{F8CB3DC9-6764-45AC-8AA4-FF600D8B8AB4}.Debug|Any CPU.Build.0 = Debug|Any CPU
		{F8CB3DC9-6764-45AC-8AA4-FF600D8B8AB4}.Release|Any CPU.ActiveCfg = Release|Any CPU
		{F8CB3DC9-6764-45AC-8AA4-FF600D8B8AB4}.Release|Any CPU.Build.0 = Release|Any CPU
		{4F9119AE-1A61-4271-B4F8-06011B2F6E01}.Debug|Any CPU.ActiveCfg = Debug|Any CPU
		{4F9119AE-1A61-4271-B4F8-06011B2F6E01}.Debug|Any CPU.Build.0 = Debug|Any CPU
		{4F9119AE-1A61-4271-B4F8-06011B2F6E01}.Release|Any CPU.ActiveCfg = Release|Any CPU
		{4F9119AE-1A61-4271-B4F8-06011B2F6E01}.Release|Any CPU.Build.0 = Release|Any CPU
	EndGlobalSection
	GlobalSection(SolutionProperties) = preSolution
		HideSolutionNode = FALSE
	EndGlobalSection
EndGlobal
